{
  "name": "pi-zero-temp-humidity",
  "version": "0.0.1",
  "lockfileVersion": 1,
  "requires": true,
  "dependencies": {
    "node-addon-api": {
      "version": "1.7.2",
      "resolved": "https://registry.npmjs.org/node-addon-api/-/node-addon-api-1.7.2.tgz",
      "integrity": "sha512-ibPK3iA+vaY1eEjESkQkM0BbCqFOaZMiXRTtdB0u7b4djtY6JnsjvPdUHVMg6xQt3B8fpTTWHI9A+ADjM9frzg=="
    },
    "node-dht-sensor": {
      "version": "0.4.1",
      "resolved": "https://registry.npmjs.org/node-dht-sensor/-/node-dht-sensor-0.4.1.tgz",
      "integrity": "sha512-sSKHTBBMWijHih+YVWMYo+XkdJK6UmzjBygWQtMlWqyi0Fj4avRZ3/5mevxuDJSRMJ/AroszuEREe5LDn0SF9A==",
      "requires": {
        "node-addon-api": "^1.6.3"
      }
    }
  }
}
